
Microsoft Visual Studio Solution File, Format Version 12.00
# Visual Studio Version 17
VisualStudioVersion = 17.3.32901.215
MinimumVisualStudioVersion = 10.0.40219.1
Project("{9A19103F-16F7-4668-BE54-9A1E7A4F7556}") = "WinFormsHalloweenProject", "WinFormsHalloweenProject\WinFormsHalloweenProject.csproj", "{F54EB7CB-4E0F-405D-B46D-24B26AC3AA33}"
EndProject
Project("{9A19103F-16F7-4668-BE54-9A1E7A4F7556}") = "Rectangle Hueristic", "..\Rectangle Hueristic\Rectangle Hueristic\Rectangle Hueristic.csproj", "{35973CBF-DEB1-46CE-9773-18129D2A5924}"
EndProject
Global
	GlobalSection(SolutionConfigurationPlatforms) = preSolution
		Debug|Any CPU = Debug|Any CPU
		Release|Any CPU = Release|Any CPU
	EndGlobalSection
	GlobalSection(ProjectConfigurationPlatforms) = postSolution
		{F54EB7CB-4E0F-405D-B46D-24B26AC3AA33}.Debug|Any CPU.ActiveCfg = Debug|Any CPU
		{F54EB7CB-4E0F-405D-B46D-24B26AC3AA33}.Debug|Any CPU.Build.0 = Debug|Any CPU
		{F54EB7CB-4E0F-405D-B46D-24B26AC3AA33}.Release|Any CPU.ActiveCfg = Release|Any CPU
		{F54EB7CB-4E0F-405D-B46D-24B26AC3AA33}.Release|Any CPU.Build.0 = Release|Any CPU
		{35973CBF-DEB1-46CE-9773-18129D2A5924}.Debug|Any CPU.ActiveCfg = Debug|Any CPU
		{35973CBF-DEB1-46CE-9773-18129D2A5924}.Debug|Any CPU.Build.0 = Debug|Any CPU
		{35973CBF-DEB1-46CE-9773-18129D2A5924}.Release|Any CPU.ActiveCfg = Release|Any CPU
		{35973CBF-DEB1-46CE-9773-18129D2A5924}.Release|Any CPU.Build.0 = Release|Any CPU
	EndGlobalSection
	GlobalSection(SolutionProperties) = preSolution
		HideSolutionNode = FALSE
	EndGlobalSection
	GlobalSection(ExtensibilityGlobals) = postSolution
		SolutionGuid = {2185C7B7-F39B-4E15-964D-FEEDA69FA0C3}
	EndGlobalSection
EndGlobal
